
Microsoft Visual Studio Solution File, Format Version 12.00
# Visual Studio Version 17
VisualStudioVersion = 17.4.33213.308
MinimumVisualStudioVersion = 10.0.40219.1
Project("{9A19103F-16F7-4668-BE54-9A1E7A4F7556}") = "CadastroDeFuncionariosBásicosTestes", "CadastroDePessoaTestes\CadastroDeFuncionariosBásicosTestes.csproj", "{667CA5C8-7BA6-47F3-8C5F-1DD577A14D00}"
EndProject
Global
	GlobalSection(SolutionConfigurationPlatforms) = preSolution
		Debug|Any CPU = Debug|Any CPU
		Release|Any CPU = Release|Any CPU
	EndGlobalSection
	GlobalSection(ProjectConfigurationPlatforms) = postSolution
		{667CA5C8-7BA6-47F3-8C5F-1DD577A14D00}.Debug|Any CPU.ActiveCfg = Debug|Any CPU
		{667CA5C8-7BA6-47F3-8C5F-1DD577A14D00}.Debug|Any CPU.Build.0 = Debug|Any CPU
		{667CA5C8-7BA6-47F3-8C5F-1DD577A14D00}.Release|Any CPU.ActiveCfg = Release|Any CPU
		{667CA5C8-7BA6-47F3-8C5F-1DD577A14D00}.Release|Any CPU.Build.0 = Release|Any CPU
	EndGlobalSection
	GlobalSection(SolutionProperties) = preSolution
		HideSolutionNode = FALSE
	EndGlobalSection
	GlobalSection(ExtensibilityGlobals) = postSolution
		SolutionGuid = {888C63F3-403D-433E-97DF-4EFF6DAB1A4F}
	EndGlobalSection
EndGlobal
